Microsoft Visual Studio Solution File, Format Version 12.00
# Visual Studio Version 16
VisualStudioVersion = 16.0.35026.282
MinimumVisualStudioVersion = 10.0.40219.1
Project("{2150E333-8FDC-42A3-9474-1A3956D46DE8}") = "1.Infrastructure", "1.Infrastructure", "{3E449E94-1C62-409F-BF04-5EDDCA004EC5}"
EndProject
Project("{2150E333-8FDC-42A3-9474-1A3956D46DE8}") = "2.Domain", "2.Domain", "{89044384-5DB0-48AF-A9CB-D95B8AB0B8EE}"
EndProject
Project("{2150E333-8FDC-42A3-9474-1A3956D46DE8}") = "3.Application", "3.Application", "{D4026DC6-B15E-461F-8170-72E9FFEEA680}"
EndProject
Project("{2150E333-8FDC-42A3-9474-1A3956D46DE8}") = "4.Services", "4.Services", "{8451727D-B575-408C-A055-39A485374478}"
EndProject
Project("{2150E333-8FDC-42A3-9474-1A3956D46DE8}") = "5.Transversal", "5.Transversal", "{6E1C65DD-D615-4A9D-9BD5-E3788C2D5DC7}"
EndProject
Project("{FAE04EC0-301F-11D3-BF4B-00C04F79EFBC}") = "Renavi.Transversal.Common", "Renavi.Transversal.Common\Renavi.Transversal.Common.csproj", "{561F5417-72F1-4F8C-814D-215D6D3508C4}"
EndProject
Project("{FAE04EC0-301F-11D3-BF4B-00C04F79EFBC}") = "Renavi.Transversal.IoC", "Renavi.Transversal.IoC\Renavi.Transversal.IoC.csproj", "{955B1AF8-5912-49F6-B6F0-5B18B9997CEC}"
EndProject
Project("{FAE04EC0-301F-11D3-BF4B-00C04F79EFBC}") = "Renavi.Transversal.Mapper", "Renavi.Transversal.Mapper\Renavi.Transversal.Mapper.csproj", "{EB8E022D-2D9B-4709-B64D-BD12454B0661}"
EndProject
Project("{FAE04EC0-301F-11D3-BF4B-00C04F79EFBC}") = "Renavi.Application.DTO", "Renavi.Application.DTO\Renavi.Application.DTO.csproj", "{642ED228-7249-484F-93BC-6F2476668D14}"
EndProject
Project("{FAE04EC0-301F-11D3-BF4B-00C04F79EFBC}") = "Renavi.Application.Interfaces", "Renavi.Application.Interfaces\Renavi.Application.Interfaces.csproj", "{6D41F802-39A8-4FAC-869E-2A26B21476E1}"
EndProject
Project("{FAE04EC0-301F-11D3-BF4B-00C04F79EFBC}") = "Renavi.Application.Main", "Renavi.Application.Main\Renavi.Application.Main.csproj", "{AEB693EC-ABC0-4F4D-9E10-AD6114A69DFB}"
EndProject
Project("{FAE04EC0-301F-11D3-BF4B-00C04F79EFBC}") = "Renavi.Domain.Entities", "Renavi.Domain.Entities\Renavi.Domain.Entities.csproj", "{CDB14B86-4BE2-4AC3-B42D-C2D020B46AC3}"
EndProject
Project("{FAE04EC0-301F-11D3-BF4B-00C04F79EFBC}") = "Renavi.Domain.Interfaces", "Renavi.Domain.Interfaces\Renavi.Domain.Interfaces.csproj", "{8520E6D2-9EF4-4893-977A-885E1D71FCA1}"
EndProject
Project("{FAE04EC0-301F-11D3-BF4B-00C04F79EFBC}") = "Renavi.Domain.Main", "Renavi.Domain.Main\Renavi.Domain.Main.csproj", "{D8B1C9AF-5F7C-41E4-A18B-2BA0B47B228A}"
EndProject
Project("{FAE04EC0-301F-11D3-BF4B-00C04F79EFBC}") = "Renavi.Infrastructure.Interfaces", "Renavi.Infrastructure.Interfaces\Renavi.Infrastructure.Interfaces.csproj", "{FE6C1C6F-CF85-443F-8F3C-895E22AC8837}"
EndProject
Project("{FAE04EC0-301F-11D3-BF4B-00C04F79EFBC}") = "Renavi.Infrastructure.Configuration", "Renavi.Infrastructure.Configuration\Renavi.Infrastructure.Configuration.csproj", "{E37F2906-9996-4817-B792-706ED55CE43F}"
EndProject
Project("{FAE04EC0-301F-11D3-BF4B-00C04F79EFBC}") = "Renavi.Infrastructure.Repository", "Renavi.Infrastructure.Repository\Renavi.Infrastructure.Repository.csproj", "{9D42218C-D6B0-46B3-9350-65E6E09AE107}"
EndProject
Project("{FAE04EC0-301F-11D3-BF4B-00C04F79EFBC}") = "Renavi.Services.WebApi", "Renavi.Services.WebApi\Renavi.Services.WebApi.csproj", "{404297DB-CFF0-4595-88B3-1C973938A952}"
EndProject
Project("{FAE04EC0-301F-11D3-BF4B-00C04F79EFBC}") = "Cerbero.Services.Client", "Cerbero.Services.Client\Cerbero.Services.Client.csproj", "{17AF0530-0612-4222-BDA4-6635D94F6DB1}"
EndProject
Global
	GlobalSection(SolutionConfigurationPlatforms) = preSolution
		Debug|Any CPU = Debug|Any CPU
		Release|Any CPU = Release|Any CPU
	EndGlobalSection
	GlobalSection(ProjectConfigurationPlatforms) = postSolution
		{561F5417-72F1-4F8C-814D-215D6D3508C4}.Debug|Any CPU.ActiveCfg = Debug|Any CPU
		{561F5417-72F1-4F8C-814D-215D6D3508C4}.Debug|Any CPU.Build.0 = Debug|Any CPU
		{561F5417-72F1-4F8C-814D-215D6D3508C4}.Release|Any CPU.ActiveCfg = Release|Any CPU
		{561F5417-72F1-4F8C-814D-215D6D3508C4}.Release|Any CPU.Build.0 = Release|Any CPU
		{955B1AF8-5912-49F6-B6F0-5B18B9997CEC}.Debug|Any CPU.ActiveCfg = Debug|Any CPU
		{955B1AF8-5912-49F6-B6F0-5B18B9997CEC}.Debug|Any CPU.Build.0 = Debug|Any CPU
		{955B1AF8-5912-49F6-B6F0-5B18B9997CEC}.Release|Any CPU.ActiveCfg = Release|Any CPU
		{955B1AF8-5912-49F6-B6F0-5B18B9997CEC}.Release|Any CPU.Build.0 = Release|Any CPU
		{EB8E022D-2D9B-4709-B64D-BD12454B0661}.Debug|Any CPU.ActiveCfg = Debug|Any CPU
		{EB8E022D-2D9B-4709-B64D-BD12454B0661}.Debug|Any CPU.Build.0 = Debug|Any CPU
		{EB8E022D-2D9B-4709-B64D-BD12454B0661}.Release|Any CPU.ActiveCfg = Release|Any CPU
		{EB8E022D-2D9B-4709-B64D-BD12454B0661}.Release|Any CPU.Build.0 = Release|Any CPU
		{642ED228-7249-484F-93BC-6F2476668D14}.Debug|Any CPU.ActiveCfg = Debug|Any CPU
		{642ED228-7249-484F-93BC-6F2476668D14}.Debug|Any CPU.Build.0 = Debug|Any CPU
		{642ED228-7249-484F-93BC-6F2476668D14}.Release|Any CPU.ActiveCfg = Release|Any CPU
		{642ED228-7249-484F-93BC-6F2476668D14}.Release|Any CPU.Build.0 = Release|Any CPU
		{6D41F802-39A8-4FAC-869E-2A26B21476E1}.Debug|Any CPU.ActiveCfg = Debug|Any CPU
		{6D41F802-39A8-4FAC-869E-2A26B21476E1}.Debug|Any CPU.Build.0 = Debug|Any CPU
		{6D41F802-39A8-4FAC-869E-2A26B21476E1}.Release|Any CPU.ActiveCfg = Release|Any CPU
		{6D41F802-39A8-4FAC-869E-2A26B21476E1}.Release|Any CPU.Build.0 = Release|Any CPU
		{AEB693EC-ABC0-4F4D-9E10-AD6114A69DFB}.Debug|Any CPU.ActiveCfg = Debug|Any CPU
		{AEB693EC-ABC0-4F4D-9E10-AD6114A69DFB}.Debug|Any CPU.Build.0 = Debug|Any CPU
		{AEB693EC-ABC0-4F4D-9E10-AD6114A69DFB}.Release|Any CPU.ActiveCfg = Release|Any CPU
		{AEB693EC-ABC0-4F4D-9E10-AD6114A69DFB}.Release|Any CPU.Build.0 = Release|Any CPU
		{CDB14B86-4BE2-4AC3-B42D-C2D020B46AC3}.Debug|Any CPU.ActiveCfg = Debug|Any CPU
		{CDB14B86-4BE2-4AC3-B42D-C2D020B46AC3}.Debug|Any CPU.Build.0 = Debug|Any CPU
		{CDB14B86-4BE2-4AC3-B42D-C2D020B46AC3}.Release|Any CPU.ActiveCfg = Release|Any CPU
		{CDB14B86-4BE2-4AC3-B42D-C2D020B46AC3}.Release|Any CPU.Build.0 = Release|Any CPU
		{8520E6D2-9EF4-4893-977A-885E1D71FCA1}.Debug|Any CPU.ActiveCfg = Debug|Any CPU
		{8520E6D2-9EF4-4893-977A-885E1D71FCA1}.Debug|Any CPU.Build.0 = Debug|Any CPU
		{8520E6D2-9EF4-4893-977A-885E1D71FCA1}.Release|Any CPU.ActiveCfg = Release|Any CPU
		{8520E6D2-9EF4-4893-977A-885E1D71FCA1}.Release|Any CPU.Build.0 = Release|Any CPU
		{D8B1C9AF-5F7C-41E4-A18B-2BA0B47B228A}.Debug|Any CPU.ActiveCfg = Debug|Any CPU
		{D8B1C9AF-5F7C-41E4-A18B-2BA0B47B228A}.Debug|Any CPU.Build.0 = Debug|Any CPU
		{D8B1C9AF-5F7C-41E4-A18B-2BA0B47B228A}.Release|Any CPU.ActiveCfg = Release|Any CPU
		{D8B1C9AF-5F7C-41E4-A18B-2BA0B47B228A}.Release|Any CPU.Build.0 = Release|Any CPU
		{FE6C1C6F-CF85-443F-8F3C-895E22AC8837}.Debug|Any CPU.ActiveCfg = Debug|Any CPU
		{FE6C1C6F-CF85-443F-8F3C-895E22AC8837}.Debug|Any CPU.Build.0 = Debug|Any CPU
		{FE6C1C6F-CF85-443F-8F3C-895E22AC8837}.Release|Any CPU.ActiveCfg = Release|Any CPU
		{FE6C1C6F-CF85-443F-8F3C-895E22AC8837}.Release|Any CPU.Build.0 = Release|Any CPU
		{E37F2906-9996-4817-B792-706ED55CE43F}.Debug|Any CPU.ActiveCfg = Debug|Any CPU
		{E37F2906-9996-4817-B792-706ED55CE43F}.Debug|Any CPU.Build.0 = Debug|Any CPU
		{E37F2906-9996-4817-B792-706ED55CE43F}.Release|Any CPU.ActiveCfg = Release|Any CPU
		{E37F2906-9996-4817-B792-706ED55CE43F}.Release|Any CPU.Build.0 = Release|Any CPU
		{9D42218C-D6B0-46B3-9350-65E6E09AE107}.Debug|Any CPU.ActiveCfg = Debug|Any CPU
		{9D42218C-D6B0-46B3-9350-65E6E09AE107}.Debug|Any CPU.Build.0 = Debug|Any CPU
		{9D42218C-D6B0-46B3-9350-65E6E09AE107}.Release|Any CPU.ActiveCfg = Release|Any CPU
		{9D42218C-D6B0-46B3-9350-65E6E09AE107}.Release|Any CPU.Build.0 = Release|Any CPU
		{404297DB-CFF0-4595-88B3-1C973938A952}.Debug|Any CPU.ActiveCfg = Debug|Any CPU
		{404297DB-CFF0-4595-88B3-1C973938A952}.Debug|Any CPU.Build.0 = Debug|Any CPU
		{404297DB-CFF0-4595-88B3-1C973938A952}.Release|Any CPU.ActiveCfg = Release|Any CPU
		{404297DB-CFF0-4595-88B3-1C973938A952}.Release|Any CPU.Build.0 = Release|Any CPU
		{17AF0530-0612-4222-BDA4-6635D94F6DB1}.Debug|Any CPU.ActiveCfg = Debug|Any CPU
		{17AF0530-0612-4222-BDA4-6635D94F6DB1}.Debug|Any CPU.Build.0 = Debug|Any CPU
		{17AF0530-0612-4222-BDA4-6635D94F6DB1}.Release|Any CPU.ActiveCfg = Release|Any CPU
		{17AF0530-0612-4222-BDA4-6635D94F6DB1}.Release|Any CPU.Build.0 = Release|Any CPU
	EndGlobalSection
	GlobalSection(SolutionProperties) = preSolution
		HideSolutionNode = FALSE
	EndGlobalSection
	GlobalSection(NestedProjects) = preSolution
		{561F5417-72F1-4F8C-814D-215D6D3508C4} = {6E1C65DD-D615-4A9D-9BD5-E3788C2D5DC7}
		{955B1AF8-5912-49F6-B6F0-5B18B9997CEC} = {6E1C65DD-D615-4A9D-9BD5-E3788C2D5DC7}
		{EB8E022D-2D9B-4709-B64D-BD12454B0661} = {6E1C65DD-D615-4A9D-9BD5-E3788C2D5DC7}
		{642ED228-7249-484F-93BC-6F2476668D14} = {D4026DC6-B15E-461F-8170-72E9FFEEA680}
		{6D41F802-39A8-4FAC-869E-2A26B21476E1} = {D4026DC6-B15E-461F-8170-72E9FFEEA680}
		{AEB693EC-ABC0-4F4D-9E10-AD6114A69DFB} = {D4026DC6-B15E-461F-8170-72E9FFEEA680}
		{CDB14B86-4BE2-4AC3-B42D-C2D020B46AC3} = {89044384-5DB0-48AF-A9CB-D95B8AB0B8EE}
		{8520E6D2-9EF4-4893-977A-885E1D71FCA1} = {89044384-5DB0-48AF-A9CB-D95B8AB0B8EE}
		{D8B1C9AF-5F7C-41E4-A18B-2BA0B47B228A} = {89044384-5DB0-48AF-A9CB-D95B8AB0B8EE}
		{FE6C1C6F-CF85-443F-8F3C-895E22AC8837} = {3E449E94-1C62-409F-BF04-5EDDCA004EC5}
		{E37F2906-9996-4817-B792-706ED55CE43F} = {3E449E94-1C62-409F-BF04-5EDDCA004EC5}
		{9D42218C-D6B0-46B3-9350-65E6E09AE107} = {3E449E94-1C62-409F-BF04-5EDDCA004EC5}
		{404297DB-CFF0-4595-88B3-1C973938A952} = {8451727D-B575-408C-A055-39A485374478}
		{17AF0530-0612-4222-BDA4-6635D94F6DB1} = {8451727D-B575-408C-A055-39A485374478}
	EndGlobalSection
	GlobalSection(ExtensibilityGlobals) = postSolution
		SolutionGuid = {FDBF14BA-F3FC-4A80-B59B-6D3BC967CC28}
	EndGlobalSection
EndGlobal
